
Microsoft Visual Studio Solution File, Format Version 12.00
# Visual Studio Version 17
VisualStudioVersion = 17.4.33103.184
MinimumVisualStudioVersion = 10.0.40219.1
Project("{9A19103F-16F7-4668-BE54-9A1E7A4F7556}") = "ParcelDistributionCenter.ConsoleUI", "ParcelDistributionCenter.Concole\ParcelDistributionCenter.ConsoleUI.csproj", "{57555578-3B78-41E9-B8D1-E8F4676A512F}"
EndProject
Project("{9A19103F-16F7-4668-BE54-9A1E7A4F7556}") = "ParcelDistributionCenter.Logic", "ParcelDistributionCenter.Logic\ParcelDistributionCenter.Logic.csproj", "{B4AB8654-015D-4508-AFEC-6C68729784E5}"
EndProject
Project("{9A19103F-16F7-4668-BE54-9A1E7A4F7556}") = "ParcelDistributionCenter.Model", "ParcelDistributionCenter.Model\ParcelDistributionCenter.Model.csproj", "{4CE32323-B195-434F-B605-9AD76E87EAF8}"
EndProject
Project("{2150E333-8FDC-42A3-9474-1A3956D46DE8}") = "Solution Items", "Solution Items", "{FC96E7EF-EDFE-46D6-8885-7523221B40D0}"
	ProjectSection(SolutionItems) = preProject
		.editorconfig = .editorconfig
	EndProjectSection
EndProject
Global
	GlobalSection(SolutionConfigurationPlatforms) = preSolution
		Debug|Any CPU = Debug|Any CPU
		Release|Any CPU = Release|Any CPU
	EndGlobalSection
	GlobalSection(ProjectConfigurationPlatforms) = postSolution
		{57555578-3B78-41E9-B8D1-E8F4676A512F}.Debug|Any CPU.ActiveCfg = Debug|Any CPU
		{57555578-3B78-41E9-B8D1-E8F4676A512F}.Debug|Any CPU.Build.0 = Debug|Any CPU
		{57555578-3B78-41E9-B8D1-E8F4676A512F}.Release|Any CPU.ActiveCfg = Release|Any CPU
		{57555578-3B78-41E9-B8D1-E8F4676A512F}.Release|Any CPU.Build.0 = Release|Any CPU
		{B4AB8654-015D-4508-AFEC-6C68729784E5}.Debug|Any CPU.ActiveCfg = Debug|Any CPU
		{B4AB8654-015D-4508-AFEC-6C68729784E5}.Debug|Any CPU.Build.0 = Debug|Any CPU
		{B4AB8654-015D-4508-AFEC-6C68729784E5}.Release|Any CPU.ActiveCfg = Release|Any CPU
		{B4AB8654-015D-4508-AFEC-6C68729784E5}.Release|Any CPU.Build.0 = Release|Any CPU
		{4CE32323-B195-434F-B605-9AD76E87EAF8}.Debug|Any CPU.ActiveCfg = Debug|Any CPU
		{4CE32323-B195-434F-B605-9AD76E87EAF8}.Debug|Any CPU.Build.0 = Debug|Any CPU
		{4CE32323-B195-434F-B605-9AD76E87EAF8}.Release|Any CPU.ActiveCfg = Release|Any CPU
		{4CE32323-B195-434F-B605-9AD76E87EAF8}.Release|Any CPU.Build.0 = Release|Any CPU
	EndGlobalSection
	GlobalSection(SolutionProperties) = preSolution
		HideSolutionNode = FALSE
	EndGlobalSection
	GlobalSection(ExtensibilityGlobals) = postSolution
		SolutionGuid = {6E85BC9C-F023-486E-84CC-90FD0B4B441B}
	EndGlobalSection
EndGlobal
